
Microsoft Visual Studio Solution File, Format Version 12.00
# Visual Studio Version 17
VisualStudioVersion = 17.5.33516.290
MinimumVisualStudioVersion = 10.0.40219.1
Project("{9A19103F-16F7-4668-BE54-9A1E7A4F7556}") = "BlazorShop.Web", "BlazorShop.Web\BlazorShop.Web.csproj", "{970EDE75-5DC0-44FA-AE2E-CA7420BC2E0F}"
EndProject
Project("{9A19103F-16F7-4668-BE54-9A1E7A4F7556}") = "BlazorShop.Api", "BlazorShop.Api\BlazorShop.Api.csproj", "{F6CD0CF0-7B2E-47D7-BE6F-7894D4CFC358}"
EndProject
Project("{9A19103F-16F7-4668-BE54-9A1E7A4F7556}") = "BlazorShop.Models", "BlazorShop.Models\BlazorShop.Models.csproj", "{0FC56431-AAAE-4716-AA73-0E8ADF50C6C5}"
EndProject
Global
	GlobalSection(SolutionConfigurationPlatforms) = preSolution
		Debug|Any CPU = Debug|Any CPU
		Release|Any CPU = Release|Any CPU
	EndGlobalSection
	GlobalSection(ProjectConfigurationPlatforms) = postSolution
		{970EDE75-5DC0-44FA-AE2E-CA7420BC2E0F}.Debug|Any CPU.ActiveCfg = Debug|Any CPU
		{970EDE75-5DC0-44FA-AE2E-CA7420BC2E0F}.Debug|Any CPU.Build.0 = Debug|Any CPU
		{970EDE75-5DC0-44FA-AE2E-CA7420BC2E0F}.Release|Any CPU.ActiveCfg = Release|Any CPU
		{970EDE75-5DC0-44FA-AE2E-CA7420BC2E0F}.Release|Any CPU.Build.0 = Release|Any CPU
		{F6CD0CF0-7B2E-47D7-BE6F-7894D4CFC358}.Debug|Any CPU.ActiveCfg = Debug|Any CPU
		{F6CD0CF0-7B2E-47D7-BE6F-7894D4CFC358}.Debug|Any CPU.Build.0 = Debug|Any CPU
		{F6CD0CF0-7B2E-47D7-BE6F-7894D4CFC358}.Release|Any CPU.ActiveCfg = Release|Any CPU
		{F6CD0CF0-7B2E-47D7-BE6F-7894D4CFC358}.Release|Any CPU.Build.0 = Release|Any CPU
		{0FC56431-AAAE-4716-AA73-0E8ADF50C6C5}.Debug|Any CPU.ActiveCfg = Debug|Any CPU
		{0FC56431-AAAE-4716-AA73-0E8ADF50C6C5}.Debug|Any CPU.Build.0 = Debug|Any CPU
		{0FC56431-AAAE-4716-AA73-0E8ADF50C6C5}.Release|Any CPU.ActiveCfg = Release|Any CPU
		{0FC56431-AAAE-4716-AA73-0E8ADF50C6C5}.Release|Any CPU.Build.0 = Release|Any CPU
	EndGlobalSection
	GlobalSection(SolutionProperties) = preSolution
		HideSolutionNode = FALSE
	EndGlobalSection
	GlobalSection(ExtensibilityGlobals) = postSolution
		SolutionGuid = {D7F27A76-7C93-4F2C-9C00-209772C27D57}
	EndGlobalSection
EndGlobal
